Microsoft Visual Studio Solution File, Format Version 12.00
# Visual Studio Version 17
VisualStudioVersion = 17.5.2.0
MinimumVisualStudioVersion = 10.0.40219.1
Project("{FAE04EC0-301F-11D3-BF4B-00C04F79EFBC}") = "MeduimArticleDevContainer", "MeduimArticleDevContainer\MeduimArticleDevContainer.csproj", "{D3DF4397-AF91-E97F-2649-057B17DA3239}"
EndProject
Global
	GlobalSection(SolutionConfigurationPlatforms) = preSolution
		Debug|Any CPU = Debug|Any CPU
		Release|Any CPU = Release|Any CPU
	EndGlobalSection
	GlobalSection(ProjectConfigurationPlatforms) = postSolution
		{D3DF4397-AF91-E97F-2649-057B17DA3239}.Debug|Any CPU.ActiveCfg = Debug|Any CPU
		{D3DF4397-AF91-E97F-2649-057B17DA3239}.Debug|Any CPU.Build.0 = Debug|Any CPU
		{D3DF4397-AF91-E97F-2649-057B17DA3239}.Release|Any CPU.ActiveCfg = Release|Any CPU
		{D3DF4397-AF91-E97F-2649-057B17DA3239}.Release|Any CPU.Build.0 = Release|Any CPU
	EndGlobalSection
	GlobalSection(SolutionProperties) = preSolution
		HideSolutionNode = FALSE
	EndGlobalSection
	GlobalSection(ExtensibilityGlobals) = postSolution
		SolutionGuid = {667EBADF-F95E-4580-B242-A42292A38D6C}
	EndGlobalSection
EndGlobal
